
Microsoft Visual Studio Solution File, Format Version 12.00
# Visual Studio 2012
Project("{FAE04EC0-301F-11D3-BF4B-00C04F79EFBC}") = "iBooks", "iBooks\iBooks.csproj", "{160F7875-CA52-4F71-9A45-1EA3922F949E}"
EndProject
Global
	GlobalSection(SolutionConfigurationPlatforms) = preSolution
		Debug|Any CPU = Debug|Any CPU
		Release|Any CPU = Release|Any CPU
	EndGlobalSection
	GlobalSection(ProjectConfigurationPlatforms) = postSolution
		{160F7875-CA52-4F71-9A45-1EA3922F949E}.Debug|Any CPU.ActiveCfg = Debug|Any CPU
		{160F7875-CA52-4F71-9A45-1EA3922F949E}.Debug|Any CPU.Build.0 = Debug|Any CPU
		{160F7875-CA52-4F71-9A45-1EA3922F949E}.Release|Any CPU.ActiveCfg = Release|Any CPU
		{160F7875-CA52-4F71-9A45-1EA3922F949E}.Release|Any CPU.Build.0 = Release|Any CPU
	EndGlobalSection
	GlobalSection(SolutionProperties) = preSolution
		HideSolutionNode = FALSE
	EndGlobalSection
EndGlobal
